
Microsoft Visual Studio Solution File, Format Version 12.00
# Visual Studio Version 17
VisualStudioVersion = 17.8.34525.116
MinimumVisualStudioVersion = 10.0.40219.1
Project("{FAE04EC0-301F-11D3-BF4B-00C04F79EFBC}") = "KodlamaIOTest", "KodlamaIOTest\KodlamaIOTest.csproj", "{78127B5C-4EC9-4FF0-A4B9-B0586AEFE234}"
EndProject
Global
	GlobalSection(SolutionConfigurationPlatforms) = preSolution
		Debug|Any CPU = Debug|Any CPU
		Release|Any CPU = Release|Any CPU
	EndGlobalSection
	GlobalSection(ProjectConfigurationPlatforms) = postSolution
		{78127B5C-4EC9-4FF0-A4B9-B0586AEFE234}.Debug|Any CPU.ActiveCfg = Debug|Any CPU
		{78127B5C-4EC9-4FF0-A4B9-B0586AEFE234}.Debug|Any CPU.Build.0 = Debug|Any CPU
		{78127B5C-4EC9-4FF0-A4B9-B0586AEFE234}.Release|Any CPU.ActiveCfg = Release|Any CPU
		{78127B5C-4EC9-4FF0-A4B9-B0586AEFE234}.Release|Any CPU.Build.0 = Release|Any CPU
	EndGlobalSection
	GlobalSection(SolutionProperties) = preSolution
		HideSolutionNode = FALSE
	EndGlobalSection
	GlobalSection(ExtensibilityGlobals) = postSolution
		SolutionGuid = {FB3DFC10-77E8-4BBB-9190-2FDA36A05BE2}
	EndGlobalSection
EndGlobal
